// !$*UTF8*$!
{
	archiveVersion = 1;
	classes = {
	};
	objectVersion = 50;
	objects = {

/* Begin PBXBuildFile section */
		0FDBB54D21F0530D00810CA9 /* AppDelegate.m in Sources */ = {isa = PBXBuildFile; fileRef = 0FDBB54C21F0530D00810CA9 /* AppDelegate.m */; };
		0FDBB55021F0530D00810CA9 /* ViewController.m in Sources */ = {isa = PBXBuildFile; fileRef = 0FDBB54F21F0530D00810CA9 /* ViewController.m */; };
		0FDBB55321F0530D00810CA9 /* Main.storyboard in Resources */ = {isa = PBXBuildFile; fileRef = 0FDBB55121F0530D00810CA9 /* Main.storyboard */; };
		0FDBB55521F0530E00810CA9 /* Assets.xcassets in Resources */ = {isa = PBXBuildFile; fileRef = 0FDBB55421F0530E00810CA9 /* Assets.xcassets */; };
		0FDBB55821F0530E00810CA9 /* LaunchScreen.storyboard in Resources */ = {isa = PBXBuildFile; fileRef = 0FDBB55621F0530E00810CA9 /* LaunchScreen.storyboard */; };
		0FDBB55B21F0530E00810CA9 /* main.m in Sources */ = {isa = PBXBuildFile; fileRef = 0FDBB55A21F0530E00810CA9 /* main.m */; };
		0FDBB56521F055C300810CA9 /* MQTransitionManager.m in Sources */ = {isa = PBXBuildFile; fileRef = 0FDBB56421F055C300810CA9 /* MQTransitionManager.m */; };
		0FE0634021F08A10000F9B6B /* MQTransitionPopCoverVertical.m in Sources */ = {isa = PBXBuildFile; fileRef = 0FE0633F21F08A10000F9B6B /* MQTransitionPopCoverVertical.m */; };
		0FE0634321F08BCB000F9B6B /* MQTransitionPushCoverVertical.m in Sources */ = {isa = PBXBuildFile; fileRef = 0FE0634221F08BCB000F9B6B /* MQTransitionPushCoverVertical.m */; };
		E73228CE22320670009ECC2C /* HalfNvgController.m in Sources */ = {isa = PBXBuildFile; fileRef = E73228CD22320670009ECC2C /* HalfNvgController.m */; };
		E73228D222320710009ECC2C /* HalfViewController.m in Sources */ = {isa = PBXBuildFile; fileRef = E73228D122320710009ECC2C /* HalfViewController.m */; };
		E7B270A3223A598000A60AA2 /* MQTransitionPushCustomizedHorizontal.m in Sources */ = {isa = PBXBuildFile; fileRef = E7B270A2223A598000A60AA2 /* MQTransitionPushCustomizedHorizontal.m */; };
		E7E2A3E8223B53ED003CE9E8 /* MQTransitionPopCustomizedHorizontal.m in Sources */ = {isa = PBXBuildFile; fileRef = E7E2A3E7223B53ED003CE9E8 /* MQTransitionPopCustomizedHorizontal.m */; };
		EC1274C303216AC1381849A9 /* libPods-MQTransitionManager.a in Frameworks */ = {isa = PBXBuildFile; fileRef = 2B772F6C0298AC4FCD34DF95 /* libPods-MQTransitionManager.a */; };
/* End PBXBuildFile section */

/* Begin PBXFileReference section */
		0749096AE41667B8D8B86781 /* Pods-MQTransitionManager.release.xcconfig */ = {isa = PBXFileReference; includeInIndex = 1; lastKnownFileType = text.xcconfig; name = "Pods-MQTransitionManager.release.xcconfig"; path = "Target Support Files/Pods-MQTransitionManager/Pods-MQTransitionManager.release.xcconfig"; sourceTree = "<group>"; };
		0FDBB54821F0530D00810CA9 /* MQTransitionManager.app */ = {isa = PBXFileReference; explicitFileType = wrapper.application; includeInIndex = 0; path = MQTransitionManager.app; sourceTree = BUILT_PRODUCTS_DIR; };
		0FDBB54B21F0530D00810CA9 /* AppDelegate.h */ = {isa = PBXFileReference; lastKnownFileType = sourcecode.c.h; path = AppDelegate.h; sourceTree = "<group>"; };
		0FDBB54C21F0530D00810CA9 /* AppDelegate.m */ = {isa = PBXFileReference; lastKnownFileType = sourcecode.c.objc; path = AppDelegate.m; sourceTree = "<group>"; };
		0FDBB54E21F0530D00810CA9 /* ViewController.h */ = {isa = PBXFileReference; lastKnownFileType = sourcecode.c.h; path = ViewController.h; sourceTree = "<group>"; };
		0FDBB54F21F0530D00810CA9 /* ViewController.m */ = {isa = PBXFileReference; lastKnownFileType = sourcecode.c.objc; path = ViewController.m; sourceTree = "<group>"; };
		0FDBB55221F0530D00810CA9 /* Base */ = {isa = PBXFileReference; lastKnownFileType = file.storyboard; name = Base; path = Base.lproj/Main.storyboard; sourceTree = "<group>"; };
		0FDBB55421F0530E00810CA9 /* Assets.xcassets */ = {isa = PBXFileReference; lastKnownFileType = folder.assetcatalog; path = Assets.xcassets; sourceTree = "<group>"; };
		0FDBB55721F0530E00810CA9 /* Base */ = {isa = PBXFileReference; lastKnownFileType = file.storyboard; name = Base; path = Base.lproj/LaunchScreen.storyboard; sourceTree = "<group>"; };
		0FDBB55921F0530E00810CA9 /* Info.plist */ = {isa = PBXFileReference; lastKnownFileType = text.plist.xml; path = Info.plist; sourceTree = "<group>"; };
		0FDBB55A21F0530E00810CA9 /* main.m */ = {isa = PBXFileReference; lastKnownFileType = sourcecode.c.objc; path = main.m; sourceTree = "<group>"; };
		0FDBB56321F055C300810CA9 /* MQTransitionManager.h */ = {isa = PBXFileReference; lastKnownFileType = sourcecode.c.h; path = MQTransitionManager.h; sourceTree = "<group>"; };
		0FDBB56421F055C300810CA9 /* MQTransitionManager.m */ = {isa = PBXFileReference; lastKnownFileType = sourcecode.c.objc; path = MQTransitionManager.m; sourceTree = "<group>"; };
		0FE0633E21F08A10000F9B6B /* MQTransitionPopCoverVertical.h */ = {isa = PBXFileReference; lastKnownFileType = sourcecode.c.h; path = MQTransitionPopCoverVertical.h; sourceTree = "<group>"; };
		0FE0633F21F08A10000F9B6B /* MQTransitionPopCoverVertical.m */ = {isa = PBXFileReference; lastKnownFileType = sourcecode.c.objc; path = MQTransitionPopCoverVertical.m; sourceTree = "<group>"; };
		0FE0634121F08BCB000F9B6B /* MQTransitionPushCoverVertical.h */ = {isa = PBXFileReference; lastKnownFileType = sourcecode.c.h; path = MQTransitionPushCoverVertical.h; sourceTree = "<group>"; };
		0FE0634221F08BCB000F9B6B /* MQTransitionPushCoverVertical.m */ = {isa = PBXFileReference; lastKnownFileType = sourcecode.c.objc; path = MQTransitionPushCoverVertical.m; sourceTree = "<group>"; };
		2B772F6C0298AC4FCD34DF95 /* libPods-MQTransitionManager.a */ = {isa = PBXFileReference; explicitFileType = archive.ar; includeInIndex = 0; path = "libPods-MQTransitionManager.a"; sourceTree = BUILT_PRODUCTS_DIR; };
		7C2CFB8F5DCBC0A280DB7E6D /* Pods-MQTransitionManager.debug.xcconfig */ = {isa = PBXFileReference; includeInIndex = 1; lastKnownFileType = text.xcconfig; name = "Pods-MQTransitionManager.debug.xcconfig"; path = "Target Support Files/Pods-MQTransitionManager/Pods-MQTransitionManager.debug.xcconfig"; sourceTree = "<group>"; };
		E73228CC22320670009ECC2C /* HalfNvgController.h */ = {isa = PBXFileReference; lastKnownFileType = sourcecode.c.h; path = HalfNvgController.h; sourceTree = "<group>"; };
		E73228CD22320670009ECC2C /* HalfNvgController.m */ = {isa = PBXFileReference; lastKnownFileType = sourcecode.c.objc; path = HalfNvgController.m; sourceTree = "<group>"; };
		E73228D022320710009ECC2C /* HalfViewController.h */ = {isa = PBXFileReference; lastKnownFileType = sourcecode.c.h; path = HalfViewController.h; sourceTree = "<group>"; };
		E73228D122320710009ECC2C /* HalfViewController.m */ = {isa = PBXFileReference; lastKnownFileType = sourcecode.c.objc; path = HalfViewController.m; sourceTree = "<group>"; };
		E7B270A1223A598000A60AA2 /* MQTransitionPushCustomizedHorizontal.h */ = {isa = PBXFileReference; lastKnownFileType = sourcecode.c.h; path = MQTransitionPushCustomizedHorizontal.h; sourceTree = "<group>"; };
		E7B270A2223A598000A60AA2 /* MQTransitionPushCustomizedHorizontal.m */ = {isa = PBXFileReference; lastKnownFileType = sourcecode.c.objc; path = MQTransitionPushCustomizedHorizontal.m; sourceTree = "<group>"; };
		E7E2A3E6223B53ED003CE9E8 /* MQTransitionPopCustomizedHorizontal.h */ = {isa = PBXFileReference; lastKnownFileType = sourcecode.c.h; path = MQTransitionPopCustomizedHorizontal.h; sourceTree = "<group>"; };
		E7E2A3E7223B53ED003CE9E8 /* MQTransitionPopCustomizedHorizontal.m */ = {isa = PBXFileReference; lastKnownFileType = sourcecode.c.objc; path = MQTransitionPopCustomizedHorizontal.m; sourceTree = "<group>"; };
/* End PBXFileReference section */

/* Begin PBXFrameworksBuildPhase section */
		0FDBB54521F0530D00810CA9 /* Frameworks */ = {
			isa = PBXFrameworksBuildPhase;
			buildActionMask = 2147483647;
			files = (
				EC1274C303216AC1381849A9 /* libPods-MQTransitionManager.a in Frameworks */,
			);
			runOnlyForDeploymentPostprocessing = 0;
		};
/* End PBXFrameworksBuildPhase section */

/* Begin PBXGroup section */
		0FDBB53F21F0530D00810CA9 = {
			isa = PBXGroup;
			children = (
				0FDBB56221F0551700810CA9 /* Main */,
				0FDBB54A21F0530D00810CA9 /* MQTransitionManager */,
				0FDBB54921F0530D00810CA9 /* Products */,
				6109EA78FA17562383D242F8 /* Pods */,
				8D69391CDC2E850CC857D799 /* Frameworks */,
			);
			sourceTree = "<group>";
		};
		0FDBB54921F0530D00810CA9 /* Products */ = {
			isa = PBXGroup;
			children = (
				0FDBB54821F0530D00810CA9 /* MQTransitionManager.app */,
			);
			name = Products;
			sourceTree = "<group>";
		};
		0FDBB54A21F0530D00810CA9 /* MQTransitionManager */ = {
			isa = PBXGroup;
			children = (
				0FDBB56321F055C300810CA9 /* MQTransitionManager.h */,
				0FDBB56421F055C300810CA9 /* MQTransitionManager.m */,
				0FDBB56621F055E900810CA9 /* Pop */,
				0FDBB56721F055EF00810CA9 /* Push */,
			);
			path = MQTransitionManager;
			sourceTree = "<group>";
		};
		0FDBB56221F0551700810CA9 /* Main */ = {
			isa = PBXGroup;
			children = (
				E73228CF22320686009ECC2C /* Half */,
				0FDBB54B21F0530D00810CA9 /* AppDelegate.h */,
				0FDBB54C21F0530D00810CA9 /* AppDelegate.m */,
				0FDBB54E21F0530D00810CA9 /* ViewController.h */,
				0FDBB54F21F0530D00810CA9 /* ViewController.m */,
				0FDBB55121F0530D00810CA9 /* Main.storyboard */,
				0FDBB55421F0530E00810CA9 /* Assets.xcassets */,
				0FDBB55621F0530E00810CA9 /* LaunchScreen.storyboard */,
				0FDBB55921F0530E00810CA9 /* Info.plist */,
				0FDBB55A21F0530E00810CA9 /* main.m */,
			);
			path = Main;
			sourceTree = "<group>";
		};
		0FDBB56621F055E900810CA9 /* Pop */ = {
			isa = PBXGroup;
			children = (
				0FE0633E21F08A10000F9B6B /* MQTransitionPopCoverVertical.h */,
				0FE0633F21F08A10000F9B6B /* MQTransitionPopCoverVertical.m */,
				E7E2A3E6223B53ED003CE9E8 /* MQTransitionPopCustomizedHorizontal.h */,
				E7E2A3E7223B53ED003CE9E8 /* MQTransitionPopCustomizedHorizontal.m */,
			);
			path = Pop;
			sourceTree = "<group>";
		};
		0FDBB56721F055EF00810CA9 /* Push */ = {
			isa = PBXGroup;
			children = (
				0FE0634121F08BCB000F9B6B /* MQTransitionPushCoverVertical.h */,
				0FE0634221F08BCB000F9B6B /* MQTransitionPushCoverVertical.m */,
				E7B270A1223A598000A60AA2 /* MQTransitionPushCustomizedHorizontal.h */,
				E7B270A2223A598000A60AA2 /* MQTransitionPushCustomizedHorizontal.m */,
			);
			path = Push;
			sourceTree = "<group>";
		};
		6109EA78FA17562383D242F8 /* Pods */ = {
			isa = PBXGroup;
			children = (
				7C2CFB8F5DCBC0A280DB7E6D /* Pods-MQTransitionManager.debug.xcconfig */,
				0749096AE41667B8D8B86781 /* Pods-MQTransitionManager.release.xcconfig */,
			);
			path = Pods;
			sourceTree = "<group>";
		};
		8D69391CDC2E850CC857D799 /* Frameworks */ = {
			isa = PBXGroup;
			children = (
				2B772F6C0298AC4FCD34DF95 /* libPods-MQTransitionManager.a */,
			);
			name = Frameworks;
			sourceTree = "<group>";
		};
		E73228CF22320686009ECC2C /* Half */ = {
			isa = PBXGroup;
			children = (
				E73228CC22320670009ECC2C /* HalfNvgController.h */,
				E73228CD22320670009ECC2C /* HalfNvgController.m */,
				E73228D022320710009ECC2C /* HalfViewController.h */,
				E73228D122320710009ECC2C /* HalfViewController.m */,
			);
			path = Half;
			sourceTree = "<group>";
		};
/* End PBXGroup section */

/* Begin PBXNativeTarget section */
		0FDBB54721F0530D00810CA9 /* MQTransitionManager */ = {
			isa = PBXNativeTarget;
			buildConfigurationList = 0FDBB55E21F0530E00810CA9 /* Build configuration list for PBXNativeTarget "MQTransitionManager" */;
			buildPhases = (
				71DE682FF3528C456CF44DB3 /* [CP] Check Pods Manifest.lock */,
				0FDBB54421F0530D00810CA9 /* Sources */,
				0FDBB54521F0530D00810CA9 /* Frameworks */,
				0FDBB54621F0530D00810CA9 /* Resources */,
				FEF929EF3F1DABE2700B2F75 /* [CP] Copy Pods Resources */,
			);
			buildRules = (
			);
			dependencies = (
			);
			name = MQTransitionManager;
			productName = MQTransitionManager;
			productReference = 0FDBB54821F0530D00810CA9 /* MQTransitionManager.app */;
			productType = "com.apple.product-type.application";
		};
/* End PBXNativeTarget section */

/* Begin PBXProject section */
		0FDBB54021F0530D00810CA9 /* Project object */ = {
			isa = PBXProject;
			attributes = {
				LastUpgradeCheck = 1010;
				ORGANIZATIONNAME = M_noAria;
				TargetAttributes = {
					0FDBB54721F0530D00810CA9 = {
						CreatedOnToolsVersion = 10.1;
					};
				};
			};
			buildConfigurationList = 0FDBB54321F0530D00810CA9 /* Build configuration list for PBXProject "MQTransitionManager" */;
			compatibilityVersion = "Xcode 9.3";
			developmentRegion = en;
			hasScannedForEncodings = 0;
			knownRegions = (
				en,
				Base,
			);
			mainGroup = 0FDBB53F21F0530D00810CA9;
			productRefGroup = 0FDBB54921F0530D00810CA9 /* Products */;
			projectDirPath = "";
			projectRoot = "";
			targets = (
				0FDBB54721F0530D00810CA9 /* MQTransitionManager */,
			);
		};
/* End PBXProject section */

/* Begin PBXResourcesBuildPhase section */
		0FDBB54621F0530D00810CA9 /* Resources */ = {
			isa = PBXResourcesBuildPhase;
			buildActionMask = 2147483647;
			files = (
				0FDBB55821F0530E00810CA9 /* LaunchScreen.storyboard in Resources */,
				0FDBB55521F0530E00810CA9 /* Assets.xcassets in Resources */,
				0FDBB55321F0530D00810CA9 /* Main.storyboard in Resources */,
			);
			runOnlyForDeploymentPostprocessing = 0;
		};
/* End PBXResourcesBuildPhase section */

/* Begin PBXShellScriptBuildPhase section */
		71DE682FF3528C456CF44DB3 /* [CP] Check Pods Manifest.lock */ = {
			isa = PBXShellScriptBuildPhase;
			buildActionMask = 2147483647;
			files = (
			);
			inputFileListPaths = (
			);
			inputPaths = (
				"${PODS_PODFILE_DIR_PATH}/Podfile.lock",
				"${PODS_ROOT}/Manifest.lock",
			);
			name = "[CP] Check Pods Manifest.lock";
			outputFileListPaths = (
			);
			outputPaths = (
				"$(DERIVED_FILE_DIR)/Pods-MQTransitionManager-checkManifestLockResult.txt",
			);
			runOnlyForDeploymentPostprocessing = 0;
			shellPath = /bin/sh;
			shellScript = "diff \"${PODS_PODFILE_DIR_PATH}/Podfile.lock\" \"${PODS_ROOT}/Manifest.lock\" > /dev/null\nif [ $? != 0 ] ; then\n    # print error to STDERR\n    echo \"error: The sandbox is not in sync with the Podfile.lock. Run 'pod install' or update your CocoaPods installation.\" >&2\n    exit 1\nfi\n# This output is used by Xcode 'outputs' to avoid re-running this script phase.\necho \"SUCCESS\" > \"${SCRIPT_OUTPUT_FILE_0}\"\n";
			showEnvVarsInLog = 0;
		};
		FEF929EF3F1DABE2700B2F75 /* [CP] Copy Pods Resources */ = {
			isa = PBXShellScriptBuildPhase;
			buildActionMask = 2147483647;
			files = (
			);
			inputFileListPaths = (
			);
			inputPaths = (
				"${PODS_ROOT}/Target Support Files/Pods-MQTransitionManager/Pods-MQTransitionManager-resources.sh",
				"${PODS_ROOT}/IQKeyboardManager/IQKeyboardManager/Resources/IQKeyboardManager.bundle",
			);
			name = "[CP] Copy Pods Resources";
			outputFileListPaths = (
			);
			outputPaths = (
				"${TARGET_BUILD_DIR}/${UNLOCALIZED_RESOURCES_FOLDER_PATH}/IQKeyboardManager.bundle",
			);
			runOnlyForDeploymentPostprocessing = 0;
			shellPath = /bin/sh;
			shellScript = "\"${PODS_ROOT}/Target Support Files/Pods-MQTransitionManager/Pods-MQTransitionManager-resources.sh\"\n";
			showEnvVarsInLog = 0;
		};
/* End PBXShellScriptBuildPhase section */

/* Begin PBXSourcesBuildPhase section */
		0FDBB54421F0530D00810CA9 /* Sources */ = {
			isa = PBXSourcesBuildPhase;
			buildActionMask = 2147483647;
			files = (
				E7B270A3223A598000A60AA2 /* MQTransitionPushCustomizedHorizontal.m in Sources */,
				0FE0634321F08BCB000F9B6B /* MQTransitionPushCoverVertical.m in Sources */,
				E73228D222320710009ECC2C /* HalfViewController.m in Sources */,
				0FDBB56521F055C300810CA9 /* MQTransitionManager.m in Sources */,
				0FDBB55021F0530D00810CA9 /* ViewController.m in Sources */,
				0FDBB55B21F0530E00810CA9 /* main.m in Sources */,
				0FE0634021F08A10000F9B6B /* MQTransitionPopCoverVertical.m in Sources */,
				0FDBB54D21F0530D00810CA9 /* AppDelegate.m in Sources */,
				E73228CE22320670009ECC2C /* HalfNvgController.m in Sources */,
				E7E2A3E8223B53ED003CE9E8 /* MQTransitionPopCustomizedHorizontal.m in Sources */,
			);
			runOnlyForDeploymentPostprocessing = 0;
		};
/* End PBXSourcesBuildPhase section */

/* Begin PBXVariantGroup section */
		0FDBB55121F0530D00810CA9 /* Main.storyboard */ = {
			isa = PBXVariantGroup;
			children = (
				0FDBB55221F0530D00810CA9 /* Base */,
			);
			name = Main.storyboard;
			sourceTree = "<group>";
		};
		0FDBB55621F0530E00810CA9 /* LaunchScreen.storyboard */ = {
			isa = PBXVariantGroup;
			children = (
				0FDBB55721F0530E00810CA9 /* Base */,
			);
			name = LaunchScreen.storyboard;
			sourceTree = "<group>";
		};
/* End PBXVariantGroup section */

/* Begin XCBuildConfiguration section */
		0FDBB55C21F0530E00810CA9 /* Debug */ = {
			isa = XCBuildConfiguration;
			buildSettings = {
				ALWAYS_SEARCH_USER_PATHS = NO;
				CLANG_ANALYZER_NONNULL = YES;
				CLANG_ANALYZER_NUMBER_OBJECT_CONVERSION = YES_AGGRESSIVE;
				CLANG_CXX_LANGUAGE_STANDARD = "gnu++14";
				CLANG_CXX_LIBRARY = "libc++";
				CLANG_ENABLE_MODULES = YES;
				CLANG_ENABLE_OBJC_ARC = YES;
				CLANG_ENABLE_OBJC_WEAK = YES;
				CLANG_WARN_BLOCK_CAPTURE_AUTORELEASING = YES;
				CLANG_WARN_BOOL_CONVERSION = YES;
				CLANG_WARN_COMMA = YES;
				CLANG_WARN_CONSTANT_CONVERSION = YES;
				CLANG_WARN_DEPRECATED_OBJC_IMPLEMENTATIONS = YES;
				CLANG_WARN_DIRECT_OBJC_ISA_USAGE = YES_ERROR;
				CLANG_WARN_DOCUMENTATION_COMMENTS = YES;
				CLANG_WARN_EMPTY_BODY = YES;
				CLANG_WARN_ENUM_CONVERSION = YES;
				CLANG_WARN_INFINITE_RECURSION = YES;
				CLANG_WARN_INT_CONVERSION = YES;
				CLANG_WARN_NON_LITERAL_NULL_CONVERSION = YES;
				CLANG_WARN_OBJC_IMPLICIT_RETAIN_SELF = YES;
				CLANG_WARN_OBJC_LITERAL_CONVERSION = YES;
				CLANG_WARN_OBJC_ROOT_CLASS = YES_ERROR;
				CLANG_WARN_RANGE_LOOP_ANALYSIS = YES;
				CLANG_WARN_STRICT_PROTOTYPES = YES;
				CLANG_WARN_SUSPICIOUS_MOVE = YES;
				CLANG_WARN_UNGUARDED_AVAILABILITY = YES_AGGRESSIVE;
				CLANG_WARN_UNREACHABLE_CODE = YES;
				CLANG_WARN__DUPLICATE_METHOD_MATCH = YES;
				CODE_SIGN_IDENTITY = "iPhone Developer";
				COPY_PHASE_STRIP = NO;
				DEBUG_INFORMATION_FORMAT = dwarf;
				ENABLE_STRICT_OBJC_MSGSEND = YES;
				ENABLE_TESTABILITY = YES;
				GCC_C_LANGUAGE_STANDARD = gnu11;
				GCC_DYNAMIC_NO_PIC = NO;
				GCC_NO_COMMON_BLOCKS = YES;
				GCC_OPTIMIZATION_LEVEL = 0;
				GCC_PREPROCESSOR_DEFINITIONS = (
					"DEBUG=1",
					"$(inherited)",
				);
				GCC_WARN_64_TO_32_BIT_CONVERSION = YES;
				GCC_WARN_ABOUT_RETURN_TYPE = YES_ERROR;
				GCC_WARN_UNDECLARED_SELECTOR = YES;
				GCC_WARN_UNINITIALIZED_AUTOS = YES_AGGRESSIVE;
				GCC_WARN_UNUSED_FUNCTION = YES;
				GCC_WARN_UNUSED_VARIABLE = YES;
				IPHONEOS_DEPLOYMENT_TARGET = 9.0;
				MTL_ENABLE_DEBUG_INFO = INCLUDE_SOURCE;
				MTL_FAST_MATH = YES;
				ONLY_ACTIVE_ARCH = YES;
				SDKROOT = iphoneos;
			};
			name = Debug;
		};
		0FDBB55D21F0530E00810CA9 /* Release */ = {
			isa = XCBuildConfiguration;
			buildSettings = {
				ALWAYS_SEARCH_USER_PATHS = NO;
				CLANG_ANALYZER_NONNULL = YES;
				CLANG_ANALYZER_NUMBER_OBJECT_CONVERSION = YES_AGGRESSIVE;
				CLANG_CXX_LANGUAGE_STANDARD = "gnu++14";
				CLANG_CXX_LIBRARY = "libc++";
				CLANG_ENABLE_MODULES = YES;
				CLANG_ENABLE_OBJC_ARC = YES;
				CLANG_ENABLE_OBJC_WEAK = YES;
				CLANG_WARN_BLOCK_CAPTURE_AUTORELEASING = YES;
				CLANG_WARN_BOOL_CONVERSION = YES;
				CLANG_WARN_COMMA = YES;
				CLANG_WARN_CONSTANT_CONVERSION = YES;
				CLANG_WARN_DEPRECATED_OBJC_IMPLEMENTATIONS = YES;
				CLANG_WARN_DIRECT_OBJC_ISA_USAGE = YES_ERROR;
				CLANG_WARN_DOCUMENTATION_COMMENTS = YES;
				CLANG_WARN_EMPTY_BODY = YES;
				CLANG_WARN_ENUM_CONVERSION = YES;
				CLANG_WARN_INFINITE_RECURSION = YES;
				CLANG_WARN_INT_CONVERSION = YES;
				CLANG_WARN_NON_LITERAL_NULL_CONVERSION = YES;
				CLANG_WARN_OBJC_IMPLICIT_RETAIN_SELF = YES;
				CLANG_WARN_OBJC_LITERAL_CONVERSION = YES;
				CLANG_WARN_OBJC_ROOT_CLASS = YES_ERROR;
				CLANG_WARN_RANGE_LOOP_ANALYSIS = YES;
				CLANG_WARN_STRICT_PROTOTYPES = YES;
				CLANG_WARN_SUSPICIOUS_MOVE = YES;
				CLANG_WARN_UNGUARDED_AVAILABILITY = YES_AGGRESSIVE;
				CLANG_WARN_UNREACHABLE_CODE = YES;
				CLANG_WARN__DUPLICATE_METHOD_MATCH = YES;
				CODE_SIGN_IDENTITY = "iPhone Developer";
				COPY_PHASE_STRIP = NO;
				DEBUG_INFORMATION_FORMAT = "dwarf-with-dsym";
				ENABLE_NS_ASSERTIONS = NO;
				ENABLE_STRICT_OBJC_MSGSEND = YES;
				GCC_C_LANGUAGE_STANDARD = gnu11;
				GCC_NO_COMMON_BLOCKS = YES;
				GCC_WARN_64_TO_32_BIT_CONVERSION = YES;
				GCC_WARN_ABOUT_RETURN_TYPE = YES_ERROR;
				GCC_WARN_UNDECLARED_SELECTOR = YES;
				GCC_WARN_UNINITIALIZED_AUTOS = YES_AGGRESSIVE;
				GCC_WARN_UNUSED_FUNCTION = YES;
				GCC_WARN_UNUSED_VARIABLE = YES;
				IPHONEOS_DEPLOYMENT_TARGET = 9.0;
				MTL_ENABLE_DEBUG_INFO = NO;
				MTL_FAST_MATH = YES;
				SDKROOT = iphoneos;
				VALIDATE_PRODUCT = YES;
			};
			name = Release;
		};
		0FDBB55F21F0530E00810CA9 /* Debug */ = {
			isa = XCBuildConfiguration;
			baseConfigurationReference = 7C2CFB8F5DCBC0A280DB7E6D /* Pods-MQTransitionManager.debug.xcconfig */;
			buildSettings = {
				ASSETCATALOG_COMPILER_APPICON_NAME = AppIcon;
				CODE_SIGN_STYLE = Manual;
				DEVELOPMENT_TEAM = "";
				INFOPLIST_FILE = "$(SRCROOT)/Main/Info.plist";
				IPHONEOS_DEPLOYMENT_TARGET = 9.0;
				LD_RUNPATH_SEARCH_PATHS = (
					"$(inherited)",
					"@executable_path/Frameworks",
				);
				PRODUCT_BUNDLE_IDENTIFIER = "com.M-Quadra.MQCutsceneManager.MQTransitionManager";
				PRODUCT_NAME = "$(TARGET_NAME)";
				PROVISIONING_PROFILE_SPECIFIER = "";
				TARGETED_DEVICE_FAMILY = "1,2";
			};
			name = Debug;
		};
		0FDBB56021F0530E00810CA9 /* Release */ = {
			isa = XCBuildConfiguration;
			baseConfigurationReference = 0749096AE41667B8D8B86781 /* Pods-MQTransitionManager.release.xcconfig */;
			buildSettings = {
				ASSETCATALOG_COMPILER_APPICON_NAME = AppIcon;
				CODE_SIGN_STYLE = Manual;
				DEVELOPMENT_TEAM = "";
				INFOPLIST_FILE = "$(SRCROOT)/Main/Info.plist";
				IPHONEOS_DEPLOYMENT_TARGET = 9.0;
				LD_RUNPATH_SEARCH_PATHS = (
					"$(inherited)",
					"@executable_path/Frameworks",
				);
				PRODUCT_BUNDLE_IDENTIFIER = "com.M-Quadra.MQCutsceneManager.MQTransitionManager";
				PRODUCT_NAME = "$(TARGET_NAME)";
				PROVISIONING_PROFILE_SPECIFIER = "";
				TARGETED_DEVICE_FAMILY = "1,2";
			};
			name = Release;
		};
/* End XCBuildConfiguration section */

/* Begin XCConfigurationList section */
		0FDBB54321F0530D00810CA9 /* Build configuration list for PBXProject "MQTransitionManager" */ = {
			isa = XCConfigurationList;
			buildConfigurations = (
				0FDBB55C21F0530E00810CA9 /* Debug */,
				0FDBB55D21F0530E00810CA9 /* Release */,
			);
			defaultConfigurationIsVisible = 0;
			defaultConfigurationName = Release;
		};
		0FDBB55E21F0530E00810CA9 /* Build configuration list for PBXNativeTarget "MQTransitionManager" */ = {
			isa = XCConfigurationList;
			buildConfigurations = (
				0FDBB55F21F0530E00810CA9 /* Debug */,
				0FDBB56021F0530E00810CA9 /* Release */,
			);
			defaultConfigurationIsVisible = 0;
			defaultConfigurationName = Release;
		};
/* End XCConfigurationList section */
	};
	rootObject = 0FDBB54021F0530D00810CA9 /* Project object */;
}
