PODS:
  - FDFullscreenPopGesture (1.1)
  - IQKeyboardManager (6.3.0)

DEPENDENCIES:
  - FDFullscreenPopGesture
  - IQKeyboardManager

SPEC REPOS:
  https://github.com/cocoapods/specs.git:
    - FDFullscreenPopGesture
    - IQKeyboardManager

SPEC CHECKSUMS:
  FDFullscreenPopGesture: a8a620179e3d9c40e8e00256dcee1c1a27c6d0f0
  IQKeyboardManager: 2ca9d64893247556f53523dcd8d78641f0ba7c23

PODFILE CHECKSUM: 85ba21212ce76bb07e49a30be254a95ee2ef8a9a

COCOAPODS: 1.6.1
